// !$*UTF8*$!
{
	archiveVersion = 1;
	classes = {
	};
	objectVersion = 50;
	objects = {

/* Begin PBXBuildFile section */
		4770CD2229464989008BDAC3 /* AppDelegate.swift in Sources */ = {isa = PBXBuildFile; fileRef = 4770CD2129464989008BDAC3 /* AppDelegate.swift */; };
		4770CD2429464989008BDAC3 /* ContentView.swift in Sources */ = {isa = PBXBuildFile; fileRef = 4770CD2329464989008BDAC3 /* ContentView.swift */; };
		4770CD262946498B008BDAC3 /* Assets.xcassets in Resources */ = {isa = PBXBuildFile; fileRef = 4770CD252946498B008BDAC3 /* Assets.xcassets */; };
		4770CD292946498B008BDAC3 /* Preview Assets.xcassets in Resources */ = {isa = PBXBuildFile; fileRef = 4770CD282946498B008BDAC3 /* Preview Assets.xcassets */; };
		4770CD2C2946498B008BDAC3 /* Main.storyboard in Resources */ = {isa = PBXBuildFile; fileRef = 4770CD2A2946498B008BDAC3 /* Main.storyboard */; };
		4770CD382946498B008BDAC3 /* rhythm_visualizerTests.swift in Sources */ = {isa = PBXBuildFile; fileRef = 4770CD372946498B008BDAC3 /* rhythm_visualizerTests.swift */; };
		4770CD432946498B008BDAC3 /* rhythm_visualizerUITests.swift in Sources */ = {isa = PBXBuildFile; fileRef = 4770CD422946498B008BDAC3 /* rhythm_visualizerUITests.swift */; };
		4770CD59294667DC008BDAC3 /* Note.swift in Sources */ = {isa = PBXBuildFile; fileRef = 4770CD58294667DC008BDAC3 /* Note.swift */; };
		4770CD5E29466BC3008BDAC3 /* Track.swift in Sources */ = {isa = PBXBuildFile; fileRef = 4770CD5D29466BC3008BDAC3 /* Track.swift */; };
		4770CD632946727E008BDAC3 /* Barline.swift in Sources */ = {isa = PBXBuildFile; fileRef = 4770CD622946727E008BDAC3 /* Barline.swift */; };
		477AD7C429480ED10043E3A1 /* TrackBG.swift in Sources */ = {isa = PBXBuildFile; fileRef = 477AD7C329480ED10043E3A1 /* TrackBG.swift */; };
		477AD7CD294810CE0043E3A1 /* PlayButton.swift in Sources */ = {isa = PBXBuildFile; fileRef = 477AD7CC294810CE0043E3A1 /* PlayButton.swift */; };
		47B85259294B98CF005FD19C /* mary.mid in Resources */ = {isa = PBXBuildFile; fileRef = 47B85258294B98CF005FD19C /* mary.mid */; };
		47C0B10F294A6C5000E5005B /* MidiController.swift in Sources */ = {isa = PBXBuildFile; fileRef = 47C0B10E294A6C5000E5005B /* MidiController.swift */; };
		47E04F0429490D0800250E1C /* NoteList.swift in Sources */ = {isa = PBXBuildFile; fileRef = 47E04F0329490D0800250E1C /* NoteList.swift */; };
/* End PBXBuildFile section */

/* Begin PBXContainerItemProxy section */
		4770CD342946498B008BDAC3 /* PBXContainerItemProxy */ = {
			isa = PBXContainerItemProxy;
			containerPortal = 4770CD1629464989008BDAC3 /* Project object */;
			proxyType = 1;
			remoteGlobalIDString = 4770CD1D29464989008BDAC3;
			remoteInfo = "rhythm visualizer";
		};
		4770CD3F2946498B008BDAC3 /* PBXContainerItemProxy */ = {
			isa = PBXContainerItemProxy;
			containerPortal = 4770CD1629464989008BDAC3 /* Project object */;
			proxyType = 1;
			remoteGlobalIDString = 4770CD1D29464989008BDAC3;
			remoteInfo = "rhythm visualizer";
		};
/* End PBXContainerItemProxy section */

/* Begin PBXFileReference section */
		4770CD1E29464989008BDAC3 /* rhythm visualizer.app */ = {isa = PBXFileReference; explicitFileType = wrapper.application; includeInIndex = 0; path = "rhythm visualizer.app"; sourceTree = BUILT_PRODUCTS_DIR; };
		4770CD2129464989008BDAC3 /* AppDelegate.swift */ = {isa = PBXFileReference; lastKnownFileType = sourcecode.swift; path = AppDelegate.swift; sourceTree = "<group>"; };
		4770CD2329464989008BDAC3 /* ContentView.swift */ = {isa = PBXFileReference; lastKnownFileType = sourcecode.swift; path = ContentView.swift; sourceTree = "<group>"; };
		4770CD252946498B008BDAC3 /* Assets.xcassets */ = {isa = PBXFileReference; lastKnownFileType = folder.assetcatalog; path = Assets.xcassets; sourceTree = "<group>"; };
		4770CD282946498B008BDAC3 /* Preview Assets.xcassets */ = {isa = PBXFileReference; lastKnownFileType = folder.assetcatalog; path = "Preview Assets.xcassets"; sourceTree = "<group>"; };
		4770CD2B2946498B008BDAC3 /* Base */ = {isa = PBXFileReference; lastKnownFileType = file.storyboard; name = Base; path = Base.lproj/Main.storyboard; sourceTree = "<group>"; };
		4770CD2D2946498B008BDAC3 /* Info.plist */ = {isa = PBXFileReference; lastKnownFileType = text.plist.xml; path = Info.plist; sourceTree = "<group>"; };
		4770CD2E2946498B008BDAC3 /* rhythm_visualizer.entitlements */ = {isa = PBXFileReference; lastKnownFileType = text.plist.entitlements; path = rhythm_visualizer.entitlements; sourceTree = "<group>"; };
		4770CD332946498B008BDAC3 /* rhythm visualizerTests.xctest */ = {isa = PBXFileReference; explicitFileType = wrapper.cfbundle; includeInIndex = 0; path = "rhythm visualizerTests.xctest"; sourceTree = BUILT_PRODUCTS_DIR; };
		4770CD372946498B008BDAC3 /* rhythm_visualizerTests.swift */ = {isa = PBXFileReference; lastKnownFileType = sourcecode.swift; path = rhythm_visualizerTests.swift; sourceTree = "<group>"; };
		4770CD392946498B008BDAC3 /* Info.plist */ = {isa = PBXFileReference; lastKnownFileType = text.plist.xml; path = Info.plist; sourceTree = "<group>"; };
		4770CD3E2946498B008BDAC3 /* rhythm visualizerUITests.xctest */ = {isa = PBXFileReference; explicitFileType = wrapper.cfbundle; includeInIndex = 0; path = "rhythm visualizerUITests.xctest"; sourceTree = BUILT_PRODUCTS_DIR; };
		4770CD422946498B008BDAC3 /* rhythm_visualizerUITests.swift */ = {isa = PBXFileReference; lastKnownFileType = sourcecode.swift; path = rhythm_visualizerUITests.swift; sourceTree = "<group>"; };
		4770CD442946498B008BDAC3 /* Info.plist */ = {isa = PBXFileReference; lastKnownFileType = text.plist.xml; path = Info.plist; sourceTree = "<group>"; };
		4770CD58294667DC008BDAC3 /* Note.swift */ = {isa = PBXFileReference; lastKnownFileType = sourcecode.swift; path = Note.swift; sourceTree = "<group>"; };
		4770CD5D29466BC3008BDAC3 /* Track.swift */ = {isa = PBXFileReference; lastKnownFileType = sourcecode.swift; path = Track.swift; sourceTree = "<group>"; };
		4770CD622946727E008BDAC3 /* Barline.swift */ = {isa = PBXFileReference; lastKnownFileType = sourcecode.swift; path = Barline.swift; sourceTree = "<group>"; };
		477AD7C329480ED10043E3A1 /* TrackBG.swift */ = {isa = PBXFileReference; lastKnownFileType = sourcecode.swift; path = TrackBG.swift; sourceTree = "<group>"; };
		477AD7CC294810CE0043E3A1 /* PlayButton.swift */ = {isa = PBXFileReference; lastKnownFileType = sourcecode.swift; path = PlayButton.swift; sourceTree = "<group>"; };
		47B85258294B98CF005FD19C /* mary.mid */ = {isa = PBXFileReference; lastKnownFileType = audio.midi; name = mary.mid; path = ../../../../../Downloads/mary.mid; sourceTree = "<group>"; };
		47C0B10E294A6C5000E5005B /* MidiController.swift */ = {isa = PBXFileReference; lastKnownFileType = sourcecode.swift; name = MidiController.swift; path = Views/MidiController.swift; sourceTree = "<group>"; };
		47E04F0329490D0800250E1C /* NoteList.swift */ = {isa = PBXFileReference; lastKnownFileType = sourcecode.swift; path = NoteList.swift; sourceTree = "<group>"; };
/* End PBXFileReference section */

/* Begin PBXFrameworksBuildPhase section */
		4770CD1B29464989008BDAC3 /* Frameworks */ = {
			isa = PBXFrameworksBuildPhase;
			buildActionMask = 2147483647;
			files = (
			);
			runOnlyForDeploymentPostprocessing = 0;
		};
		4770CD302946498B008BDAC3 /* Frameworks */ = {
			isa = PBXFrameworksBuildPhase;
			buildActionMask = 2147483647;
			files = (
			);
			runOnlyForDeploymentPostprocessing = 0;
		};
		4770CD3B2946498B008BDAC3 /* Frameworks */ = {
			isa = PBXFrameworksBuildPhase;
			buildActionMask = 2147483647;
			files = (
			);
			runOnlyForDeploymentPostprocessing = 0;
		};
/* End PBXFrameworksBuildPhase section */

/* Begin PBXGroup section */
		4770CD1529464989008BDAC3 = {
			isa = PBXGroup;
			children = (
				4770CD2029464989008BDAC3 /* rhythm visualizer */,
				4770CD362946498B008BDAC3 /* rhythm visualizerTests */,
				4770CD412946498B008BDAC3 /* rhythm visualizerUITests */,
				4770CD1F29464989008BDAC3 /* Products */,
			);
			sourceTree = "<group>";
		};
		4770CD1F29464989008BDAC3 /* Products */ = {
			isa = PBXGroup;
			children = (
				4770CD1E29464989008BDAC3 /* rhythm visualizer.app */,
				4770CD332946498B008BDAC3 /* rhythm visualizerTests.xctest */,
				4770CD3E2946498B008BDAC3 /* rhythm visualizerUITests.xctest */,
			);
			name = Products;
			sourceTree = "<group>";
		};
		4770CD2029464989008BDAC3 /* rhythm visualizer */ = {
			isa = PBXGroup;
			children = (
				47C0B10E294A6C5000E5005B /* MidiController.swift */,
				47B85258294B98CF005FD19C /* mary.mid */,
				47E04F0329490D0800250E1C /* NoteList.swift */,
				4770CD2129464989008BDAC3 /* AppDelegate.swift */,
				4770CD2329464989008BDAC3 /* ContentView.swift */,
				477AD7C8294810940043E3A1 /* Views */,
				4770CD252946498B008BDAC3 /* Assets.xcassets */,
				4770CD2A2946498B008BDAC3 /* Main.storyboard */,
				4770CD2D2946498B008BDAC3 /* Info.plist */,
				4770CD2E2946498B008BDAC3 /* rhythm_visualizer.entitlements */,
				4770CD272946498B008BDAC3 /* Preview Content */,
			);
			path = "rhythm visualizer";
			sourceTree = "<group>";
		};
		4770CD272946498B008BDAC3 /* Preview Content */ = {
			isa = PBXGroup;
			children = (
				4770CD282946498B008BDAC3 /* Preview Assets.xcassets */,
			);
			path = "Preview Content";
			sourceTree = "<group>";
		};
		4770CD362946498B008BDAC3 /* rhythm visualizerTests */ = {
			isa = PBXGroup;
			children = (
				4770CD372946498B008BDAC3 /* rhythm_visualizerTests.swift */,
				4770CD392946498B008BDAC3 /* Info.plist */,
			);
			path = "rhythm visualizerTests";
			sourceTree = "<group>";
		};
		4770CD412946498B008BDAC3 /* rhythm visualizerUITests */ = {
			isa = PBXGroup;
			children = (
				4770CD422946498B008BDAC3 /* rhythm_visualizerUITests.swift */,
				4770CD442946498B008BDAC3 /* Info.plist */,
			);
			path = "rhythm visualizerUITests";
			sourceTree = "<group>";
		};
		477AD7C8294810940043E3A1 /* Views */ = {
			isa = PBXGroup;
			children = (
				477AD7C329480ED10043E3A1 /* TrackBG.swift */,
				4770CD622946727E008BDAC3 /* Barline.swift */,
				4770CD58294667DC008BDAC3 /* Note.swift */,
				4770CD5D29466BC3008BDAC3 /* Track.swift */,
				477AD7CC294810CE0043E3A1 /* PlayButton.swift */,
			);
			path = Views;
			sourceTree = "<group>";
		};
/* End PBXGroup section */

/* Begin PBXNativeTarget section */
		4770CD1D29464989008BDAC3 /* rhythm visualizer */ = {
			isa = PBXNativeTarget;
			buildConfigurationList = 4770CD472946498B008BDAC3 /* Build configuration list for PBXNativeTarget "rhythm visualizer" */;
			buildPhases = (
				4770CD1A29464989008BDAC3 /* Sources */,
				4770CD1B29464989008BDAC3 /* Frameworks */,
				4770CD1C29464989008BDAC3 /* Resources */,
			);
			buildRules = (
			);
			dependencies = (
			);
			name = "rhythm visualizer";
			productName = "rhythm visualizer";
			productReference = 4770CD1E29464989008BDAC3 /* rhythm visualizer.app */;
			productType = "com.apple.product-type.application";
		};
		4770CD322946498B008BDAC3 /* rhythm visualizerTests */ = {
			isa = PBXNativeTarget;
			buildConfigurationList = 4770CD4A2946498B008BDAC3 /* Build configuration list for PBXNativeTarget "rhythm visualizerTests" */;
			buildPhases = (
				4770CD2F2946498B008BDAC3 /* Sources */,
				4770CD302946498B008BDAC3 /* Frameworks */,
				4770CD312946498B008BDAC3 /* Resources */,
			);
			buildRules = (
			);
			dependencies = (
				4770CD352946498B008BDAC3 /* PBXTargetDependency */,
			);
			name = "rhythm visualizerTests";
			productName = "rhythm visualizerTests";
			productReference = 4770CD332946498B008BDAC3 /* rhythm visualizerTests.xctest */;
			productType = "com.apple.product-type.bundle.unit-test";
		};
		4770CD3D2946498B008BDAC3 /* rhythm visualizerUITests */ = {
			isa = PBXNativeTarget;
			buildConfigurationList = 4770CD4D2946498B008BDAC3 /* Build configuration list for PBXNativeTarget "rhythm visualizerUITests" */;
			buildPhases = (
				4770CD3A2946498B008BDAC3 /* Sources */,
				4770CD3B2946498B008BDAC3 /* Frameworks */,
				4770CD3C2946498B008BDAC3 /* Resources */,
			);
			buildRules = (
			);
			dependencies = (
				4770CD402946498B008BDAC3 /* PBXTargetDependency */,
			);
			name = "rhythm visualizerUITests";
			productName = "rhythm visualizerUITests";
			productReference = 4770CD3E2946498B008BDAC3 /* rhythm visualizerUITests.xctest */;
			productType = "com.apple.product-type.bundle.ui-testing";
		};
/* End PBXNativeTarget section */

/* Begin PBXProject section */
		4770CD1629464989008BDAC3 /* Project object */ = {
			isa = PBXProject;
			attributes = {
				LastSwiftUpdateCheck = 1240;
				LastUpgradeCheck = 1240;
				TargetAttributes = {
					4770CD1D29464989008BDAC3 = {
						CreatedOnToolsVersion = 12.4;
					};
					4770CD322946498B008BDAC3 = {
						CreatedOnToolsVersion = 12.4;
						TestTargetID = 4770CD1D29464989008BDAC3;
					};
					4770CD3D2946498B008BDAC3 = {
						CreatedOnToolsVersion = 12.4;
						TestTargetID = 4770CD1D29464989008BDAC3;
					};
				};
			};
			buildConfigurationList = 4770CD1929464989008BDAC3 /* Build configuration list for PBXProject "rhythm visualizer" */;
			compatibilityVersion = "Xcode 9.3";
			developmentRegion = en;
			hasScannedForEncodings = 0;
			knownRegions = (
				en,
				Base,
			);
			mainGroup = 4770CD1529464989008BDAC3;
			productRefGroup = 4770CD1F29464989008BDAC3 /* Products */;
			projectDirPath = "";
			projectRoot = "";
			targets = (
				4770CD1D29464989008BDAC3 /* rhythm visualizer */,
				4770CD322946498B008BDAC3 /* rhythm visualizerTests */,
				4770CD3D2946498B008BDAC3 /* rhythm visualizerUITests */,
			);
		};
/* End PBXProject section */

/* Begin PBXResourcesBuildPhase section */
		4770CD1C29464989008BDAC3 /* Resources */ = {
			isa = PBXResourcesBuildPhase;
			buildActionMask = 2147483647;
			files = (
				4770CD2C2946498B008BDAC3 /* Main.storyboard in Resources */,
				47B85259294B98CF005FD19C /* mary.mid in Resources */,
				4770CD292946498B008BDAC3 /* Preview Assets.xcassets in Resources */,
				4770CD262946498B008BDAC3 /* Assets.xcassets in Resources */,
			);
			runOnlyForDeploymentPostprocessing = 0;
		};
		4770CD312946498B008BDAC3 /* Resources */ = {
			isa = PBXResourcesBuildPhase;
			buildActionMask = 2147483647;
			files = (
			);
			runOnlyForDeploymentPostprocessing = 0;
		};
		4770CD3C2946498B008BDAC3 /* Resources */ = {
			isa = PBXResourcesBuildPhase;
			buildActionMask = 2147483647;
			files = (
			);
			runOnlyForDeploymentPostprocessing = 0;
		};
/* End PBXResourcesBuildPhase section */

/* Begin PBXSourcesBuildPhase section */
		4770CD1A29464989008BDAC3 /* Sources */ = {
			isa = PBXSourcesBuildPhase;
			buildActionMask = 2147483647;
			files = (
				4770CD2429464989008BDAC3 /* ContentView.swift in Sources */,
				477AD7CD294810CE0043E3A1 /* PlayButton.swift in Sources */,
				4770CD632946727E008BDAC3 /* Barline.swift in Sources */,
				47C0B10F294A6C5000E5005B /* MidiController.swift in Sources */,
				47E04F0429490D0800250E1C /* NoteList.swift in Sources */,
				4770CD5E29466BC3008BDAC3 /* Track.swift in Sources */,
				477AD7C429480ED10043E3A1 /* TrackBG.swift in Sources */,
				4770CD2229464989008BDAC3 /* AppDelegate.swift in Sources */,
				4770CD59294667DC008BDAC3 /* Note.swift in Sources */,
			);
			runOnlyForDeploymentPostprocessing = 0;
		};
		4770CD2F2946498B008BDAC3 /* Sources */ = {
			isa = PBXSourcesBuildPhase;
			buildActionMask = 2147483647;
			files = (
				4770CD382946498B008BDAC3 /* rhythm_visualizerTests.swift in Sources */,
			);
			runOnlyForDeploymentPostprocessing = 0;
		};
		4770CD3A2946498B008BDAC3 /* Sources */ = {
			isa = PBXSourcesBuildPhase;
			buildActionMask = 2147483647;
			files = (
				4770CD432946498B008BDAC3 /* rhythm_visualizerUITests.swift in Sources */,
			);
			runOnlyForDeploymentPostprocessing = 0;
		};
/* End PBXSourcesBuildPhase section */

/* Begin PBXTargetDependency section */
		4770CD352946498B008BDAC3 /* PBXTargetDependency */ = {
			isa = PBXTargetDependency;
			target = 4770CD1D29464989008BDAC3 /* rhythm visualizer */;
			targetProxy = 4770CD342946498B008BDAC3 /* PBXContainerItemProxy */;
		};
		4770CD402946498B008BDAC3 /* PBXTargetDependency */ = {
			isa = PBXTargetDependency;
			target = 4770CD1D29464989008BDAC3 /* rhythm visualizer */;
			targetProxy = 4770CD3F2946498B008BDAC3 /* PBXContainerItemProxy */;
		};
/* End PBXTargetDependency section */

/* Begin PBXVariantGroup section */
		4770CD2A2946498B008BDAC3 /* Main.storyboard */ = {
			isa = PBXVariantGroup;
			children = (
				4770CD2B2946498B008BDAC3 /* Base */,
			);
			name = Main.storyboard;
			sourceTree = "<group>";
		};
/* End PBXVariantGroup section */

/* Begin XCBuildConfiguration section */
		4770CD452946498B008BDAC3 /* Debug */ = {
			isa = XCBuildConfiguration;
			buildSettings = {
				ALWAYS_SEARCH_USER_PATHS = NO;
				CLANG_ANALYZER_NONNULL = YES;
				CLANG_ANALYZER_NUMBER_OBJECT_CONVERSION = YES_AGGRESSIVE;
				CLANG_CXX_LANGUAGE_STANDARD = "gnu++14";
				CLANG_CXX_LIBRARY = "libc++";
				CLANG_ENABLE_MODULES = YES;
				CLANG_ENABLE_OBJC_ARC = YES;
				CLANG_ENABLE_OBJC_WEAK = YES;
				CLANG_WARN_BLOCK_CAPTURE_AUTORELEASING = YES;
				CLANG_WARN_BOOL_CONVERSION = YES;
				CLANG_WARN_COMMA = YES;
				CLANG_WARN_CONSTANT_CONVERSION = YES;
				CLANG_WARN_DEPRECATED_OBJC_IMPLEMENTATIONS = YES;
				CLANG_WARN_DIRECT_OBJC_ISA_USAGE = YES_ERROR;
				CLANG_WARN_DOCUMENTATION_COMMENTS = YES;
				CLANG_WARN_EMPTY_BODY = YES;
				CLANG_WARN_ENUM_CONVERSION = YES;
				CLANG_WARN_INFINITE_RECURSION = YES;
				CLANG_WARN_INT_CONVERSION = YES;
				CLANG_WARN_NON_LITERAL_NULL_CONVERSION = YES;
				CLANG_WARN_OBJC_IMPLICIT_RETAIN_SELF = YES;
				CLANG_WARN_OBJC_LITERAL_CONVERSION = YES;
				CLANG_WARN_OBJC_ROOT_CLASS = YES_ERROR;
				CLANG_WARN_QUOTED_INCLUDE_IN_FRAMEWORK_HEADER = YES;
				CLANG_WARN_RANGE_LOOP_ANALYSIS = YES;
				CLANG_WARN_STRICT_PROTOTYPES = YES;
				CLANG_WARN_SUSPICIOUS_MOVE = YES;
				CLANG_WARN_UNGUARDED_AVAILABILITY = YES_AGGRESSIVE;
				CLANG_WARN_UNREACHABLE_CODE = YES;
				CLANG_WARN__DUPLICATE_METHOD_MATCH = YES;
				COPY_PHASE_STRIP = NO;
				DEBUG_INFORMATION_FORMAT = dwarf;
				ENABLE_STRICT_OBJC_MSGSEND = YES;
				ENABLE_TESTABILITY = YES;
				GCC_C_LANGUAGE_STANDARD = gnu11;
				GCC_DYNAMIC_NO_PIC = NO;
				GCC_NO_COMMON_BLOCKS = YES;
				GCC_OPTIMIZATION_LEVEL = 0;
				GCC_PREPROCESSOR_DEFINITIONS = (
					"DEBUG=1",
					"$(inherited)",
				);
				GCC_WARN_64_TO_32_BIT_CONVERSION = YES;
				GCC_WARN_ABOUT_RETURN_TYPE = YES_ERROR;
				GCC_WARN_UNDECLARED_SELECTOR = YES;
				GCC_WARN_UNINITIALIZED_AUTOS = YES_AGGRESSIVE;
				GCC_WARN_UNUSED_FUNCTION = YES;
				GCC_WARN_UNUSED_VARIABLE = YES;
				MACOSX_DEPLOYMENT_TARGET = 10.15;
				MTL_ENABLE_DEBUG_INFO = INCLUDE_SOURCE;
				MTL_FAST_MATH = YES;
				ONLY_ACTIVE_ARCH = YES;
				SDKROOT = macosx;
				SWIFT_ACTIVE_COMPILATION_CONDITIONS = DEBUG;
				SWIFT_OPTIMIZATION_LEVEL = "-Onone";
			};
			name = Debug;
		};
		4770CD462946498B008BDAC3 /* Release */ = {
			isa = XCBuildConfiguration;
			buildSettings = {
				ALWAYS_SEARCH_USER_PATHS = NO;
				CLANG_ANALYZER_NONNULL = YES;
				CLANG_ANALYZER_NUMBER_OBJECT_CONVERSION = YES_AGGRESSIVE;
				CLANG_CXX_LANGUAGE_STANDARD = "gnu++14";
				CLANG_CXX_LIBRARY = "libc++";
				CLANG_ENABLE_MODULES = YES;
				CLANG_ENABLE_OBJC_ARC = YES;
				CLANG_ENABLE_OBJC_WEAK = YES;
				CLANG_WARN_BLOCK_CAPTURE_AUTORELEASING = YES;
				CLANG_WARN_BOOL_CONVERSION = YES;
				CLANG_WARN_COMMA = YES;
				CLANG_WARN_CONSTANT_CONVERSION = YES;
				CLANG_WARN_DEPRECATED_OBJC_IMPLEMENTATIONS = YES;
				CLANG_WARN_DIRECT_OBJC_ISA_USAGE = YES_ERROR;
				CLANG_WARN_DOCUMENTATION_COMMENTS = YES;
				CLANG_WARN_EMPTY_BODY = YES;
				CLANG_WARN_ENUM_CONVERSION = YES;
				CLANG_WARN_INFINITE_RECURSION = YES;
				CLANG_WARN_INT_CONVERSION = YES;
				CLANG_WARN_NON_LITERAL_NULL_CONVERSION = YES;
				CLANG_WARN_OBJC_IMPLICIT_RETAIN_SELF = YES;
				CLANG_WARN_OBJC_LITERAL_CONVERSION = YES;
				CLANG_WARN_OBJC_ROOT_CLASS = YES_ERROR;
				CLANG_WARN_QUOTED_INCLUDE_IN_FRAMEWORK_HEADER = YES;
				CLANG_WARN_RANGE_LOOP_ANALYSIS = YES;
				CLANG_WARN_STRICT_PROTOTYPES = YES;
				CLANG_WARN_SUSPICIOUS_MOVE = YES;
				CLANG_WARN_UNGUARDED_AVAILABILITY = YES_AGGRESSIVE;
				CLANG_WARN_UNREACHABLE_CODE = YES;
				CLANG_WARN__DUPLICATE_METHOD_MATCH = YES;
				COPY_PHASE_STRIP = NO;
				DEBUG_INFORMATION_FORMAT = "dwarf-with-dsym";
				ENABLE_NS_ASSERTIONS = NO;
				ENABLE_STRICT_OBJC_MSGSEND = YES;
				GCC_C_LANGUAGE_STANDARD = gnu11;
				GCC_NO_COMMON_BLOCKS = YES;
				GCC_WARN_64_TO_32_BIT_CONVERSION = YES;
				GCC_WARN_ABOUT_RETURN_TYPE = YES_ERROR;
				GCC_WARN_UNDECLARED_SELECTOR = YES;
				GCC_WARN_UNINITIALIZED_AUTOS = YES_AGGRESSIVE;
				GCC_WARN_UNUSED_FUNCTION = YES;
				GCC_WARN_UNUSED_VARIABLE = YES;
				MACOSX_DEPLOYMENT_TARGET = 10.15;
				MTL_ENABLE_DEBUG_INFO = NO;
				MTL_FAST_MATH = YES;
				SDKROOT = macosx;
				SWIFT_COMPILATION_MODE = wholemodule;
				SWIFT_OPTIMIZATION_LEVEL = "-O";
			};
			name = Release;
		};
		4770CD482946498B008BDAC3 /* Debug */ = {
			isa = XCBuildConfiguration;
			buildSettings = {
				ASSETCATALOG_COMPILER_APPICON_NAME = AppIcon;
				ASSETCATALOG_COMPILER_GLOBAL_ACCENT_COLOR_NAME = AccentColor;
				CODE_SIGN_ENTITLEMENTS = "rhythm visualizer/rhythm_visualizer.entitlements";
				CODE_SIGN_STYLE = Automatic;
				COMBINE_HIDPI_IMAGES = YES;
				DEVELOPMENT_ASSET_PATHS = "\"rhythm visualizer/Preview Content\"";
				DEVELOPMENT_TEAM = SGYTU8BN24;
				ENABLE_HARDENED_RUNTIME = YES;
				ENABLE_PREVIEWS = YES;
				INFOPLIST_FILE = "rhythm visualizer/Info.plist";
				LD_RUNPATH_SEARCH_PATHS = (
					"$(inherited)",
					"@executable_path/../Frameworks",
				);
				MACOSX_DEPLOYMENT_TARGET = 10.15;
				PRODUCT_BUNDLE_IDENTIFIER = "com.osorensen.rhythm-visualizer";
				PRODUCT_NAME = "$(TARGET_NAME)";
				SWIFT_VERSION = 5.0;
			};
			name = Debug;
		};
		4770CD492946498B008BDAC3 /* Release */ = {
			isa = XCBuildConfiguration;
			buildSettings = {
				ASSETCATALOG_COMPILER_APPICON_NAME = AppIcon;
				ASSETCATALOG_COMPILER_GLOBAL_ACCENT_COLOR_NAME = AccentColor;
				CODE_SIGN_ENTITLEMENTS = "rhythm visualizer/rhythm_visualizer.entitlements";
				CODE_SIGN_STYLE = Automatic;
				COMBINE_HIDPI_IMAGES = YES;
				DEVELOPMENT_ASSET_PATHS = "\"rhythm visualizer/Preview Content\"";
				DEVELOPMENT_TEAM = SGYTU8BN24;
				ENABLE_HARDENED_RUNTIME = YES;
				ENABLE_PREVIEWS = YES;
				INFOPLIST_FILE = "rhythm visualizer/Info.plist";
				LD_RUNPATH_SEARCH_PATHS = (
					"$(inherited)",
					"@executable_path/../Frameworks",
				);
				MACOSX_DEPLOYMENT_TARGET = 10.15;
				PRODUCT_BUNDLE_IDENTIFIER = "com.osorensen.rhythm-visualizer";
				PRODUCT_NAME = "$(TARGET_NAME)";
				SWIFT_VERSION = 5.0;
			};
			name = Release;
		};
		4770CD4B2946498B008BDAC3 /* Debug */ = {
			isa = XCBuildConfiguration;
			buildSettings = {
				ALWAYS_EMBED_SWIFT_STANDARD_LIBRARIES = YES;
				BUNDLE_LOADER = "$(TEST_HOST)";
				CODE_SIGN_STYLE = Automatic;
				COMBINE_HIDPI_IMAGES = YES;
				DEVELOPMENT_TEAM = SGYTU8BN24;
				INFOPLIST_FILE = "rhythm visualizerTests/Info.plist";
				LD_RUNPATH_SEARCH_PATHS = (
					"$(inherited)",
					"@executable_path/../Frameworks",
					"@loader_path/../Frameworks",
				);
				MACOSX_DEPLOYMENT_TARGET = 10.15;
				PRODUCT_BUNDLE_IDENTIFIER = "com.osorensen.rhythm-visualizerTests";
				PRODUCT_NAME = "$(TARGET_NAME)";
				SWIFT_VERSION = 5.0;
				TEST_HOST = "$(BUILT_PRODUCTS_DIR)/rhythm visualizer.app/Contents/MacOS/rhythm visualizer";
			};
			name = Debug;
		};
		4770CD4C2946498B008BDAC3 /* Release */ = {
			isa = XCBuildConfiguration;
			buildSettings = {
				ALWAYS_EMBED_SWIFT_STANDARD_LIBRARIES = YES;
				BUNDLE_LOADER = "$(TEST_HOST)";
				CODE_SIGN_STYLE = Automatic;
				COMBINE_HIDPI_IMAGES = YES;
				DEVELOPMENT_TEAM = SGYTU8BN24;
				INFOPLIST_FILE = "rhythm visualizerTests/Info.plist";
				LD_RUNPATH_SEARCH_PATHS = (
					"$(inherited)",
					"@executable_path/../Frameworks",
					"@loader_path/../Frameworks",
				);
				MACOSX_DEPLOYMENT_TARGET = 10.15;
				PRODUCT_BUNDLE_IDENTIFIER = "com.osorensen.rhythm-visualizerTests";
				PRODUCT_NAME = "$(TARGET_NAME)";
				SWIFT_VERSION = 5.0;
				TEST_HOST = "$(BUILT_PRODUCTS_DIR)/rhythm visualizer.app/Contents/MacOS/rhythm visualizer";
			};
			name = Release;
		};
		4770CD4E2946498B008BDAC3 /* Debug */ = {
			isa = XCBuildConfiguration;
			buildSettings = {
				ALWAYS_EMBED_SWIFT_STANDARD_LIBRARIES = YES;
				CODE_SIGN_STYLE = Automatic;
				COMBINE_HIDPI_IMAGES = YES;
				DEVELOPMENT_TEAM = SGYTU8BN24;
				INFOPLIST_FILE = "rhythm visualizerUITests/Info.plist";
				LD_RUNPATH_SEARCH_PATHS = (
					"$(inherited)",
					"@executable_path/../Frameworks",
					"@loader_path/../Frameworks",
				);
				PRODUCT_BUNDLE_IDENTIFIER = "com.osorensen.rhythm-visualizerUITests";
				PRODUCT_NAME = "$(TARGET_NAME)";
				SWIFT_VERSION = 5.0;
				TEST_TARGET_NAME = "rhythm visualizer";
			};
			name = Debug;
		};
		4770CD4F2946498B008BDAC3 /* Release */ = {
			isa = XCBuildConfiguration;
			buildSettings = {
				ALWAYS_EMBED_SWIFT_STANDARD_LIBRARIES = YES;
				CODE_SIGN_STYLE = Automatic;
				COMBINE_HIDPI_IMAGES = YES;
				DEVELOPMENT_TEAM = SGYTU8BN24;
				INFOPLIST_FILE = "rhythm visualizerUITests/Info.plist";
				LD_RUNPATH_SEARCH_PATHS = (
					"$(inherited)",
					"@executable_path/../Frameworks",
					"@loader_path/../Frameworks",
				);
				PRODUCT_BUNDLE_IDENTIFIER = "com.osorensen.rhythm-visualizerUITests";
				PRODUCT_NAME = "$(TARGET_NAME)";
				SWIFT_VERSION = 5.0;
				TEST_TARGET_NAME = "rhythm visualizer";
			};
			name = Release;
		};
/* End XCBuildConfiguration section */

/* Begin XCConfigurationList section */
		4770CD1929464989008BDAC3 /* Build configuration list for PBXProject "rhythm visualizer" */ = {
			isa = XCConfigurationList;
			buildConfigurations = (
				4770CD452946498B008BDAC3 /* Debug */,
				4770CD462946498B008BDAC3 /* Release */,
			);
			defaultConfigurationIsVisible = 0;
			defaultConfigurationName = Release;
		};
		4770CD472946498B008BDAC3 /* Build configuration list for PBXNativeTarget "rhythm visualizer" */ = {
			isa = XCConfigurationList;
			buildConfigurations = (
				4770CD482946498B008BDAC3 /* Debug */,
				4770CD492946498B008BDAC3 /* Release */,
			);
			defaultConfigurationIsVisible = 0;
			defaultConfigurationName = Release;
		};
		4770CD4A2946498B008BDAC3 /* Build configuration list for PBXNativeTarget "rhythm visualizerTests" */ = {
			isa = XCConfigurationList;
			buildConfigurations = (
				4770CD4B2946498B008BDAC3 /* Debug */,
				4770CD4C2946498B008BDAC3 /* Release */,
			);
			defaultConfigurationIsVisible = 0;
			defaultConfigurationName = Release;
		};
		4770CD4D2946498B008BDAC3 /* Build configuration list for PBXNativeTarget "rhythm visualizerUITests" */ = {
			isa = XCConfigurationList;
			buildConfigurations = (
				4770CD4E2946498B008BDAC3 /* Debug */,
				4770CD4F2946498B008BDAC3 /* Release */,
			);
			defaultConfigurationIsVisible = 0;
			defaultConfigurationName = Release;
		};
/* End XCConfigurationList section */
	};
	rootObject = 4770CD1629464989008BDAC3 /* Project object */;
}
